Microsoft Visual Studio Solution File, Format Version 12.00
# Visual Studio Version 17
VisualStudioVersion = 17.5.2.0
MinimumVisualStudioVersion = 10.0.40219.1
Project("{2150E333-8FDC-42A3-9474-1A3956D46DE8}") = "InventoryHub", "InventoryHub", "{7812DC46-2A51-4E69-800B-7CD92CA26D01}"
EndProject
Project("{FAE04EC0-301F-11D3-BF4B-00C04F79EFBC}") = "InventoryHubAPI", "InventoryHub\InventoryHubAPI\InventoryHubAPI.csproj", "{52E59DC6-1DC3-6F68-3755-0285F0FEFF62}"
EndProject
Global
	GlobalSection(SolutionConfigurationPlatforms) = preSolution
		Debug|Any CPU = Debug|Any CPU
		Release|Any CPU = Release|Any CPU
	EndGlobalSection
	GlobalSection(ProjectConfigurationPlatforms) = postSolution
		{52E59DC6-1DC3-6F68-3755-0285F0FEFF62}.Debug|Any CPU.ActiveCfg = Debug|Any CPU
		{52E59DC6-1DC3-6F68-3755-0285F0FEFF62}.Debug|Any CPU.Build.0 = Debug|Any CPU
		{52E59DC6-1DC3-6F68-3755-0285F0FEFF62}.Release|Any CPU.ActiveCfg = Release|Any CPU
		{52E59DC6-1DC3-6F68-3755-0285F0FEFF62}.Release|Any CPU.Build.0 = Release|Any CPU
	EndGlobalSection
	GlobalSection(SolutionProperties) = preSolution
		HideSolutionNode = FALSE
	EndGlobalSection
	GlobalSection(NestedProjects) = preSolution
		{52E59DC6-1DC3-6F68-3755-0285F0FEFF62} = {7812DC46-2A51-4E69-800B-7CD92CA26D01}
	EndGlobalSection
	GlobalSection(ExtensibilityGlobals) = postSolution
		SolutionGuid = {FB38E763-2184-474A-A227-9810EA948EE4}
	EndGlobalSection
EndGlobal
